// !$*UTF8*$!
{
	archiveVersion = 1;
	classes = {
	};
	objectVersion = 51;
	objects = {

/* Begin PBXBuildFile section */
		1B084584269F5CE800BE79F2 /* R.generated.swift in Sources */ = {isa = PBXBuildFile; fileRef = 1B084583269F5CE800BE79F2 /* R.generated.swift */; };
		1B5AF33C26AAABDA0055F130 /* UserInfo.storyboard in Resources */ = {isa = PBXBuildFile; fileRef = 1B5AF33B26AAABDA0055F130 /* UserInfo.storyboard */; };
		1B5AF33E26AAB02D0055F130 /* UserInfoViewController.swift in Sources */ = {isa = PBXBuildFile; fileRef = 1B5AF33D26AAB02D0055F130 /* UserInfoViewController.swift */; };
		1B8311BA26138C0500BA01A6 /* Network.swift in Sources */ = {isa = PBXBuildFile; fileRef = 1B8311B926138C0500BA01A6 /* Network.swift */; };
		1B8AE1352615C80C00E1B160 /* CalendarCell.xib in Resources */ = {isa = PBXBuildFile; fileRef = 1B8AE1342615C80C00E1B160 /* CalendarCell.xib */; };
		1B8AE13A2615C9D300E1B160 /* CalendarCell.swift in Sources */ = {isa = PBXBuildFile; fileRef = 1B8AE1392615C9D300E1B160 /* CalendarCell.swift */; };
		1B9D55AC26172746006E8A7A /* AnimalSettingsViewController.swift in Sources */ = {isa = PBXBuildFile; fileRef = 1B9D55AB26172746006E8A7A /* AnimalSettingsViewController.swift */; };
		1B9D55B12617277E006E8A7A /* BackgroundViewController.swift in Sources */ = {isa = PBXBuildFile; fileRef = 1B9D55B02617277E006E8A7A /* BackgroundViewController.swift */; };
		1B9E1FF8261234320009ED88 /* CreateHabits.storyboard in Resources */ = {isa = PBXBuildFile; fileRef = 1B9E1FF7261234320009ED88 /* CreateHabits.storyboard */; };
		1B9E1FFD26123B2F0009ED88 /* CreateHabitViewController.swift in Sources */ = {isa = PBXBuildFile; fileRef = 1B9E1FFC26123B2F0009ED88 /* CreateHabitViewController.swift */; };
		1B9E2009261243E30009ED88 /* SignUpViewController.swift in Sources */ = {isa = PBXBuildFile; fileRef = 1B9E2008261243E30009ED88 /* SignUpViewController.swift */; };
		1B9E200E261244250009ED88 /* CreateAccountViewController.swift in Sources */ = {isa = PBXBuildFile; fileRef = 1B9E200D261244250009ED88 /* CreateAccountViewController.swift */; };
		1B9E2013261244550009ED88 /* CreateAnimalViewController.swift in Sources */ = {isa = PBXBuildFile; fileRef = 1B9E2012261244550009ED88 /* CreateAnimalViewController.swift */; };
		1BB8D1772699A2750039A747 /* HabitTracker.storyboard in Resources */ = {isa = PBXBuildFile; fileRef = 1BB8D1762699A2750039A747 /* HabitTracker.storyboard */; };
		1BB8D17A2699A2C30039A747 /* Settings.storyboard in Resources */ = {isa = PBXBuildFile; fileRef = 1BB8D1792699A2C30039A747 /* Settings.storyboard */; };
		1BB8D17D2699A2F20039A747 /* ReportHabit.storyboard in Resources */ = {isa = PBXBuildFile; fileRef = 1BB8D17C2699A2F20039A747 /* ReportHabit.storyboard */; };
		1BB8D1802699A3100039A747 /* Animal.storyboard in Resources */ = {isa = PBXBuildFile; fileRef = 1BB8D17F2699A3100039A747 /* Animal.storyboard */; };
		1BB8D1832699A33D0039A747 /* LogIn.storyboard in Resources */ = {isa = PBXBuildFile; fileRef = 1BB8D1822699A33D0039A747 /* LogIn.storyboard */; };
		1BB8D18B2699A8190039A747 /* CreateAnimal.storyboard in Resources */ = {isa = PBXBuildFile; fileRef = 1BB8D18A2699A8190039A747 /* CreateAnimal.storyboard */; };
		1BB8D1942699AA070039A747 /* TabBarController.swift in Sources */ = {isa = PBXBuildFile; fileRef = 1BB8D1932699AA070039A747 /* TabBarController.swift */; };
		1BD1D76D2614920C00789C59 /* Utils.swift in Sources */ = {isa = PBXBuildFile; fileRef = 1BD1D76C2614920C00789C59 /* Utils.swift */; };
		1BE3AA10261B85D800A10CFA /* IconCell.swift in Sources */ = {isa = PBXBuildFile; fileRef = 1BE3AA0F261B85D800A10CFA /* IconCell.swift */; };
		4889FDD31120607AB0547356 /* Pods_Habit_Helper.framework in Frameworks */ = {isa = PBXBuildFile; fileRef = F8982B864C20025FC8A974EC /* Pods_Habit_Helper.framework */; };
		5D1D9A54257A33DC00753022 /* Registration.storyboard in Resources */ = {isa = PBXBuildFile; fileRef = 5D1D9A53257A33DC00753022 /* Registration.storyboard */; };
		5D2DDFDE25484D8A00EEC0BC /* HabitTrackerController.swift in Sources */ = {isa = PBXBuildFile; fileRef = 5D2DDFDD25484D8A00EEC0BC /* HabitTrackerController.swift */; };
		5D2DDFE32548532200EEC0BC /* CustomTableCell.swift in Sources */ = {isa = PBXBuildFile; fileRef = 5D2DDFE22548532200EEC0BC /* CustomTableCell.swift */; };
		5D2DDFE82548565000EEC0BC /* CustomTableCell.xib in Resources */ = {isa = PBXBuildFile; fileRef = 5D2DDFE72548565000EEC0BC /* CustomTableCell.xib */; };
		5D71CF122549A0AF002DCA76 /* SettingsViewController.swift in Sources */ = {isa = PBXBuildFile; fileRef = 5D71CF112549A0AF002DCA76 /* SettingsViewController.swift */; };
		5D71CF172549A8FE002DCA76 /* SettingsCell.swift in Sources */ = {isa = PBXBuildFile; fileRef = 5D71CF162549A8FE002DCA76 /* SettingsCell.swift */; };
		5D71CF1C2549AD54002DCA76 /* SettingsCell.xib in Resources */ = {isa = PBXBuildFile; fileRef = 5D71CF1B2549AD54002DCA76 /* SettingsCell.xib */; };
		5D77821F25C9C1D5005B600B /* Animal.swift in Sources */ = {isa = PBXBuildFile; fileRef = 5D77821E25C9C1D5005B600B /* Animal.swift */; };
		5D77822525C9C684005B600B /* Habit.swift in Sources */ = {isa = PBXBuildFile; fileRef = 5D77822425C9C684005B600B /* Habit.swift */; };
		5D77823225C9CC1F005B600B /* User.swift in Sources */ = {isa = PBXBuildFile; fileRef = 5D77823125C9CC1F005B600B /* User.swift */; };
		5D7BC7AF254718D700184BB4 /* AppDelegate.swift in Sources */ = {isa = PBXBuildFile; fileRef = 5D7BC7AE254718D700184BB4 /* AppDelegate.swift */; };
		5D7BC7B1254718D700184BB4 /* SceneDelegate.swift in Sources */ = {isa = PBXBuildFile; fileRef = 5D7BC7B0254718D700184BB4 /* SceneDelegate.swift */; };
		5D7BC7B3254718D700184BB4 /* LoginController.swift in Sources */ = {isa = PBXBuildFile; fileRef = 5D7BC7B2254718D700184BB4 /* LoginController.swift */; };
		5D7BC7B6254718D700184BB4 /* Main.storyboard in Resources */ = {isa = PBXBuildFile; fileRef = 5D7BC7B4254718D700184BB4 /* Main.storyboard */; };
		5D7BC7B9254718D700184BB4 /* Habit_Helper.xcdatamodeld in Sources */ = {isa = PBXBuildFile; fileRef = 5D7BC7B7254718D700184BB4 /* Habit_Helper.xcdatamodeld */; };
		5D7BC7BB254718D900184BB4 /* Assets.xcassets in Resources */ = {isa = PBXBuildFile; fileRef = 5D7BC7BA254718D900184BB4 /* Assets.xcassets */; };
		5D7BC7BE254718D900184BB4 /* LaunchScreen.storyboard in Resources */ = {isa = PBXBuildFile; fileRef = 5D7BC7BC254718D900184BB4 /* LaunchScreen.storyboard */; };
		5D7BC7C9254718D900184BB4 /* Habit_HelperTests.swift in Sources */ = {isa = PBXBuildFile; fileRef = 5D7BC7C8254718D900184BB4 /* Habit_HelperTests.swift */; };
		5D7BC7D4254718D900184BB4 /* Habit_HelperUITests.swift in Sources */ = {isa = PBXBuildFile; fileRef = 5D7BC7D3254718D900184BB4 /* Habit_HelperUITests.swift */; };
		5D9D9CA32561674300F5FEC0 /* CustomCollectionCell.xib in Resources */ = {isa = PBXBuildFile; fileRef = 5D9D9CA22561674300F5FEC0 /* CustomCollectionCell.xib */; };
		5D9D9CA8256168E900F5FEC0 /* CustomCollectionCell.swift in Sources */ = {isa = PBXBuildFile; fileRef = 5D9D9CA7256168E900F5FEC0 /* CustomCollectionCell.swift */; };
		5D9D9CAD25616A5500F5FEC0 /* ReportHabitController.swift in Sources */ = {isa = PBXBuildFile; fileRef = 5D9D9CAC25616A5500F5FEC0 /* ReportHabitController.swift */; };
		5DA1639F260B9C59003B0964 /* AppData.swift in Sources */ = {isa = PBXBuildFile; fileRef = 5DA1639E260B9C59003B0964 /* AppData.swift */; };
		5DD41290254735420017C0EC /* AnimalViewController.swift in Sources */ = {isa = PBXBuildFile; fileRef = 5DD4128F254735420017C0EC /* AnimalViewController.swift */; };
/* End PBXBuildFile section */

/* Begin PBXContainerItemProxy section */
		5D7BC7C5254718D900184BB4 /* PBXContainerItemProxy */ = {
			isa = PBXContainerItemProxy;
			containerPortal = 5D7BC7A3254718D700184BB4 /* Project object */;
			proxyType = 1;
			remoteGlobalIDString = 5D7BC7AA254718D700184BB4;
			remoteInfo = "Habit Helper";
		};
		5D7BC7D0254718D900184BB4 /* PBXContainerItemProxy */ = {
			isa = PBXContainerItemProxy;
			containerPortal = 5D7BC7A3254718D700184BB4 /* Project object */;
			proxyType = 1;
			remoteGlobalIDString = 5D7BC7AA254718D700184BB4;
			remoteInfo = "Habit Helper";
		};
/* End PBXContainerItemProxy section */

/* Begin PBXFileReference section */
		1B084583269F5CE800BE79F2 /* R.generated.swift */ = {isa = PBXFileReference; fileEncoding = 4; lastKnownFileType = sourcecode.swift; path = R.generated.swift; sourceTree = SOURCE_ROOT; };
		1B5AF33B26AAABDA0055F130 /* UserInfo.storyboard */ = {isa = PBXFileReference; lastKnownFileType = file.storyboard; path = UserInfo.storyboard; sourceTree = "<group>"; };
		1B5AF33D26AAB02D0055F130 /* UserInfoViewController.swift */ = {isa = PBXFileReference; lastKnownFileType = sourcecode.swift; path = UserInfoViewController.swift; sourceTree = "<group>"; };
		1B8311B926138C0500BA01A6 /* Network.swift */ = {isa = PBXFileReference; lastKnownFileType = sourcecode.swift; path = Network.swift; sourceTree = "<group>"; };
		1B8AE1342615C80C00E1B160 /* CalendarCell.xib */ = {isa = PBXFileReference; lastKnownFileType = file.xib; path = CalendarCell.xib; sourceTree = "<group>"; };
		1B8AE1392615C9D300E1B160 /* CalendarCell.swift */ = {isa = PBXFileReference; lastKnownFileType = sourcecode.swift; path = CalendarCell.swift; sourceTree = "<group>"; };
		1B9D55AB26172746006E8A7A /* AnimalSettingsViewController.swift */ = {isa = PBXFileReference; lastKnownFileType = sourcecode.swift; path = AnimalSettingsViewController.swift; sourceTree = "<group>"; };
		1B9D55B02617277E006E8A7A /* BackgroundViewController.swift */ = {isa = PBXFileReference; lastKnownFileType = sourcecode.swift; path = BackgroundViewController.swift; sourceTree = "<group>"; };
		1B9E1FF7261234320009ED88 /* CreateHabits.storyboard */ = {isa = PBXFileReference; lastKnownFileType = file.storyboard; path = CreateHabits.storyboard; sourceTree = "<group>"; };
		1B9E1FFC26123B2F0009ED88 /* CreateHabitViewController.swift */ = {isa = PBXFileReference; lastKnownFileType = sourcecode.swift; path = CreateHabitViewController.swift; sourceTree = "<group>"; };
		1B9E2008261243E30009ED88 /* SignUpViewController.swift */ = {isa = PBXFileReference; lastKnownFileType = sourcecode.swift; path = SignUpViewController.swift; sourceTree = "<group>"; };
		1B9E200D261244250009ED88 /* CreateAccountViewController.swift */ = {isa = PBXFileReference; lastKnownFileType = sourcecode.swift; path = CreateAccountViewController.swift; sourceTree = "<group>"; };
		1B9E2012261244550009ED88 /* CreateAnimalViewController.swift */ = {isa = PBXFileReference; lastKnownFileType = sourcecode.swift; path = CreateAnimalViewController.swift; sourceTree = "<group>"; };
		1BB8D1762699A2750039A747 /* HabitTracker.storyboard */ = {isa = PBXFileReference; lastKnownFileType = file.storyboard; path = HabitTracker.storyboard; sourceTree = "<group>"; };
		1BB8D1792699A2C30039A747 /* Settings.storyboard */ = {isa = PBXFileReference; lastKnownFileType = file.storyboard; path = Settings.storyboard; sourceTree = "<group>"; };
		1BB8D17C2699A2F20039A747 /* ReportHabit.storyboard */ = {isa = PBXFileReference; lastKnownFileType = file.storyboard; path = ReportHabit.storyboard; sourceTree = "<group>"; };
		1BB8D17F2699A3100039A747 /* Animal.storyboard */ = {isa = PBXFileReference; lastKnownFileType = file.storyboard; path = Animal.storyboard; sourceTree = "<group>"; };
		1BB8D1822699A33D0039A747 /* LogIn.storyboard */ = {isa = PBXFileReference; lastKnownFileType = file.storyboard; path = LogIn.storyboard; sourceTree = "<group>"; };
		1BB8D18A2699A8190039A747 /* CreateAnimal.storyboard */ = {isa = PBXFileReference; lastKnownFileType = file.storyboard; path = CreateAnimal.storyboard; sourceTree = "<group>"; };
		1BB8D1932699AA070039A747 /* TabBarController.swift */ = {isa = PBXFileReference; lastKnownFileType = sourcecode.swift; path = TabBarController.swift; sourceTree = "<group>"; };
		1BD1D76C2614920C00789C59 /* Utils.swift */ = {isa = PBXFileReference; lastKnownFileType = sourcecode.swift; path = Utils.swift; sourceTree = "<group>"; };
		1BE3AA0F261B85D800A10CFA /* IconCell.swift */ = {isa = PBXFileReference; lastKnownFileType = sourcecode.swift; path = IconCell.swift; sourceTree = "<group>"; };
		5CA75F29E6E4C6B24CDA24B5 /* Pods-Habit Helper.release.xcconfig */ = {isa = PBXFileReference; includeInIndex = 1; lastKnownFileType = text.xcconfig; name = "Pods-Habit Helper.release.xcconfig"; path = "Target Support Files/Pods-Habit Helper/Pods-Habit Helper.release.xcconfig"; sourceTree = "<group>"; };
		5D1D9A53257A33DC00753022 /* Registration.storyboard */ = {isa = PBXFileReference; lastKnownFileType = file.storyboard; path = Registration.storyboard; sourceTree = "<group>"; };
		5D2DDFDD25484D8A00EEC0BC /* HabitTrackerController.swift */ = {isa = PBXFileReference; lastKnownFileType = sourcecode.swift; path = HabitTrackerController.swift; sourceTree = "<group>"; };
		5D2DDFE22548532200EEC0BC /* CustomTableCell.swift */ = {isa = PBXFileReference; lastKnownFileType = sourcecode.swift; path = CustomTableCell.swift; sourceTree = "<group>"; };
		5D2DDFE72548565000EEC0BC /* CustomTableCell.xib */ = {isa = PBXFileReference; lastKnownFileType = file.xib; path = CustomTableCell.xib; sourceTree = "<group>"; };
		5D71CF112549A0AF002DCA76 /* SettingsViewController.swift */ = {isa = PBXFileReference; lastKnownFileType = sourcecode.swift; path = SettingsViewController.swift; sourceTree = "<group>"; };
		5D71CF162549A8FE002DCA76 /* SettingsCell.swift */ = {isa = PBXFileReference; lastKnownFileType = sourcecode.swift; path = SettingsCell.swift; sourceTree = "<group>"; };
		5D71CF1B2549AD54002DCA76 /* SettingsCell.xib */ = {isa = PBXFileReference; lastKnownFileType = file.xib; path = SettingsCell.xib; sourceTree = "<group>"; };
		5D77821E25C9C1D5005B600B /* Animal.swift */ = {isa = PBXFileReference; lastKnownFileType = sourcecode.swift; path = Animal.swift; sourceTree = "<group>"; };
		5D77822425C9C684005B600B /* Habit.swift */ = {isa = PBXFileReference; lastKnownFileType = sourcecode.swift; path = Habit.swift; sourceTree = "<group>"; };
		5D77823125C9CC1F005B600B /* User.swift */ = {isa = PBXFileReference; lastKnownFileType = sourcecode.swift; path = User.swift; sourceTree = "<group>"; };
		5D7BC7AB254718D700184BB4 /* Habit Helper.app */ = {isa = PBXFileReference; explicitFileType = wrapper.application; includeInIndex = 0; path = "Habit Helper.app"; sourceTree = BUILT_PRODUCTS_DIR; };
		5D7BC7AE254718D700184BB4 /* AppDelegate.swift */ = {isa = PBXFileReference; lastKnownFileType = sourcecode.swift; path = AppDelegate.swift; sourceTree = "<group>"; };
		5D7BC7B0254718D700184BB4 /* SceneDelegate.swift */ = {isa = PBXFileReference; lastKnownFileType = sourcecode.swift; path = SceneDelegate.swift; sourceTree = "<group>"; };
		5D7BC7B2254718D700184BB4 /* LoginController.swift */ = {isa = PBXFileReference; lastKnownFileType = sourcecode.swift; path = LoginController.swift; sourceTree = "<group>"; };
		5D7BC7B5254718D700184BB4 /* Base */ = {isa = PBXFileReference; lastKnownFileType = file.storyboard; name = Base; path = Base.lproj/Main.storyboard; sourceTree = "<group>"; };
		5D7BC7B8254718D700184BB4 /* Habit_Helper.xcdatamodel */ = {isa = PBXFileReference; lastKnownFileType = wrapper.xcdatamodel; path = Habit_Helper.xcdatamodel; sourceTree = "<group>"; };
		5D7BC7BA254718D900184BB4 /* Assets.xcassets */ = {isa = PBXFileReference; lastKnownFileType = folder.assetcatalog; path = Assets.xcassets; sourceTree = "<group>"; };
		5D7BC7BD254718D900184BB4 /* Base */ = {isa = PBXFileReference; lastKnownFileType = file.storyboard; name = Base; path = Base.lproj/LaunchScreen.storyboard; sourceTree = "<group>"; };
		5D7BC7BF254718D900184BB4 /* Info.plist */ = {isa = PBXFileReference; lastKnownFileType = text.plist.xml; path = Info.plist; sourceTree = "<group>"; };
		5D7BC7C4254718D900184BB4 /* Habit HelperTests.xctest */ = {isa = PBXFileReference; explicitFileType = wrapper.cfbundle; includeInIndex = 0; path = "Habit HelperTests.xctest"; sourceTree = BUILT_PRODUCTS_DIR; };
		5D7BC7C8254718D900184BB4 /* Habit_HelperTests.swift */ = {isa = PBXFileReference; lastKnownFileType = sourcecode.swift; path = Habit_HelperTests.swift; sourceTree = "<group>"; };
		5D7BC7CA254718D900184BB4 /* Info.plist */ = {isa = PBXFileReference; lastKnownFileType = text.plist.xml; path = Info.plist; sourceTree = "<group>"; };
		5D7BC7CF254718D900184BB4 /* Habit HelperUITests.xctest */ = {isa = PBXFileReference; explicitFileType = wrapper.cfbundle; includeInIndex = 0; path = "Habit HelperUITests.xctest"; sourceTree = BUILT_PRODUCTS_DIR; };
		5D7BC7D3254718D900184BB4 /* Habit_HelperUITests.swift */ = {isa = PBXFileReference; lastKnownFileType = sourcecode.swift; path = Habit_HelperUITests.swift; sourceTree = "<group>"; };
		5D7BC7D5254718D900184BB4 /* Info.plist */ = {isa = PBXFileReference; lastKnownFileType = text.plist.xml; path = Info.plist; sourceTree = "<group>"; };
		5D9D9CA22561674300F5FEC0 /* CustomCollectionCell.xib */ = {isa = PBXFileReference; lastKnownFileType = file.xib; path = CustomCollectionCell.xib; sourceTree = "<group>"; };
		5D9D9CA7256168E900F5FEC0 /* CustomCollectionCell.swift */ = {isa = PBXFileReference; lastKnownFileType = sourcecode.swift; path = CustomCollectionCell.swift; sourceTree = "<group>"; };
		5D9D9CAC25616A5500F5FEC0 /* ReportHabitController.swift */ = {isa = PBXFileReference; lastKnownFileType = sourcecode.swift; path = ReportHabitController.swift; sourceTree = "<group>"; };
		5DA1639E260B9C59003B0964 /* AppData.swift */ = {isa = PBXFileReference; lastKnownFileType = sourcecode.swift; path = AppData.swift; sourceTree = "<group>"; };
		5DD4128F254735420017C0EC /* AnimalViewController.swift */ = {isa = PBXFileReference; lastKnownFileType = sourcecode.swift; path = AnimalViewController.swift; sourceTree = "<group>"; };
		CD23CC6DB34D70BA7E4C91A8 /* Pods-Habit Helper.debug.xcconfig */ = {isa = PBXFileReference; includeInIndex = 1; lastKnownFileType = text.xcconfig; name = "Pods-Habit Helper.debug.xcconfig"; path = "Target Support Files/Pods-Habit Helper/Pods-Habit Helper.debug.xcconfig"; sourceTree = "<group>"; };
		F8982B864C20025FC8A974EC /* Pods_Habit_Helper.framework */ = {isa = PBXFileReference; explicitFileType = wrapper.framework; includeInIndex = 0; path = Pods_Habit_Helper.framework; sourceTree = BUILT_PRODUCTS_DIR; };
/* End PBXFileReference section */

/* Begin PBXFrameworksBuildPhase section */
		5D7BC7A8254718D700184BB4 /* Frameworks */ = {
			isa = PBXFrameworksBuildPhase;
			buildActionMask = 2147483647;
			files = (
				4889FDD31120607AB0547356 /* Pods_Habit_Helper.framework in Frameworks */,
			);
			runOnlyForDeploymentPostprocessing = 0;
		};
		5D7BC7C1254718D900184BB4 /* Frameworks */ = {
			isa = PBXFrameworksBuildPhase;
			buildActionMask = 2147483647;
			files = (
			);
			runOnlyForDeploymentPostprocessing = 0;
		};
		5D7BC7CC254718D900184BB4 /* Frameworks */ = {
			isa = PBXFrameworksBuildPhase;
			buildActionMask = 2147483647;
			files = (
			);
			runOnlyForDeploymentPostprocessing = 0;
		};
/* End PBXFrameworksBuildPhase section */

/* Begin PBXGroup section */
		1B5AF33A26AAABB50055F130 /* UserInfo */ = {
			isa = PBXGroup;
			children = (
				1B5AF33B26AAABDA0055F130 /* UserInfo.storyboard */,
			);
			path = UserInfo;
			sourceTree = "<group>";
		};
		1B5AF33F26AAB0350055F130 /* UserInfo */ = {
			isa = PBXGroup;
			children = (
				1B5AF33D26AAB02D0055F130 /* UserInfoViewController.swift */,
			);
			path = UserInfo;
			sourceTree = "<group>";
		};
		1B8311B826138BC900BA01A6 /* Network */ = {
			isa = PBXGroup;
			children = (
				1B8311B926138C0500BA01A6 /* Network.swift */,
			);
			path = Network;
			sourceTree = "<group>";
		};
		1BB8D1752699A2580039A747 /* Habit Tracker */ = {
			isa = PBXGroup;
			children = (
				1BB8D1762699A2750039A747 /* HabitTracker.storyboard */,
			);
			path = "Habit Tracker";
			sourceTree = "<group>";
		};
		1BB8D1782699A2B50039A747 /* Settings */ = {
			isa = PBXGroup;
			children = (
				1BB8D1792699A2C30039A747 /* Settings.storyboard */,
			);
			path = Settings;
			sourceTree = "<group>";
		};
		1BB8D17B2699A2D60039A747 /* Report Habit */ = {
			isa = PBXGroup;
			children = (
				1BB8D17C2699A2F20039A747 /* ReportHabit.storyboard */,
			);
			path = "Report Habit";
			sourceTree = "<group>";
		};
		1BB8D17E2699A2FE0039A747 /* Animal */ = {
			isa = PBXGroup;
			children = (
				1BB8D17F2699A3100039A747 /* Animal.storyboard */,
			);
			path = Animal;
			sourceTree = "<group>";
		};
		1BB8D1812699A31F0039A747 /* Autorisation */ = {
			isa = PBXGroup;
			children = (
				5D1D9A53257A33DC00753022 /* Registration.storyboard */,
				1BB8D1822699A33D0039A747 /* LogIn.storyboard */,
			);
			path = Autorisation;
			sourceTree = "<group>";
		};
		1BB8D1842699A6F20039A747 /* Create Habit */ = {
			isa = PBXGroup;
			children = (
				1B9E1FF7261234320009ED88 /* CreateHabits.storyboard */,
			);
			path = "Create Habit";
			sourceTree = "<group>";
		};
		1BB8D1852699A7200039A747 /* Tab Bar */ = {
			isa = PBXGroup;
			children = (
				5D7BC7B4254718D700184BB4 /* Main.storyboard */,
			);
			path = "Tab Bar";
			sourceTree = "<group>";
		};
		1BB8D1862699A76B0039A747 /* Settings */ = {
			isa = PBXGroup;
			children = (
				5D37C19625488287008C24EA /* Cell */,
				5D71CF112549A0AF002DCA76 /* SettingsViewController.swift */,
				1B9D55AB26172746006E8A7A /* AnimalSettingsViewController.swift */,
				1B9D55B02617277E006E8A7A /* BackgroundViewController.swift */,
			);
			path = Settings;
			sourceTree = "<group>";
		};
		1BB8D1872699A7A70039A747 /* Report Habit */ = {
			isa = PBXGroup;
			children = (
				5D9D9CA1256166DF00F5FEC0 /* CustomCollectionCell */,
				5D9D9CAC25616A5500F5FEC0 /* ReportHabitController.swift */,
			);
			path = "Report Habit";
			sourceTree = "<group>";
		};
		1BB8D1882699A7C20039A747 /* Autorisation */ = {
			isa = PBXGroup;
			children = (
				1B9E200D261244250009ED88 /* CreateAccountViewController.swift */,
				1B9E2008261243E30009ED88 /* SignUpViewController.swift */,
				5D7BC7B2254718D700184BB4 /* LoginController.swift */,
			);
			path = Autorisation;
			sourceTree = "<group>";
		};
		1BB8D1892699A7F70039A747 /* Create Animal */ = {
			isa = PBXGroup;
			children = (
				1BB8D18A2699A8190039A747 /* CreateAnimal.storyboard */,
			);
			path = "Create Animal";
			sourceTree = "<group>";
		};
		1BB8D18C2699A8820039A747 /* Habit Tracker */ = {
			isa = PBXGroup;
			children = (
				1BB8D18D2699A8AE0039A747 /* Cell */,
				5D2DDFDD25484D8A00EEC0BC /* HabitTrackerController.swift */,
			);
			path = "Habit Tracker";
			sourceTree = "<group>";
		};
		1BB8D18D2699A8AE0039A747 /* Cell */ = {
			isa = PBXGroup;
			children = (
				5D2DDFE72548565000EEC0BC /* CustomTableCell.xib */,
				5D2DDFE22548532200EEC0BC /* CustomTableCell.swift */,
			);
			path = Cell;
			sourceTree = "<group>";
		};
		1BB8D18E2699A8E90039A747 /* Create Animal */ = {
			isa = PBXGroup;
			children = (
				1B9E2012261244550009ED88 /* CreateAnimalViewController.swift */,
			);
			path = "Create Animal";
			sourceTree = "<group>";
		};
		1BB8D18F2699A8F80039A747 /* Animal */ = {
			isa = PBXGroup;
			children = (
				5DD4128F254735420017C0EC /* AnimalViewController.swift */,
			);
			path = Animal;
			sourceTree = "<group>";
		};
		1BB8D1902699A9040039A747 /* Create Habit */ = {
			isa = PBXGroup;
			children = (
				1B9E1FFC26123B2F0009ED88 /* CreateHabitViewController.swift */,
			);
			path = "Create Habit";
			sourceTree = "<group>";
		};
		1BB8D1912699A9240039A747 /* Resourses */ = {
			isa = PBXGroup;
			children = (
				5D7BC7BA254718D900184BB4 /* Assets.xcassets */,
			);
			path = Resourses;
			sourceTree = "<group>";
		};
		1BB8D1922699A9470039A747 /* Utils */ = {
			isa = PBXGroup;
			children = (
				1BD1D76C2614920C00789C59 /* Utils.swift */,
			);
			path = Utils;
			sourceTree = "<group>";
		};
		5D37C19625488287008C24EA /* Cell */ = {
			isa = PBXGroup;
			children = (
				5D71CF1B2549AD54002DCA76 /* SettingsCell.xib */,
				5D71CF162549A8FE002DCA76 /* SettingsCell.swift */,
			);
			path = Cell;
			sourceTree = "<group>";
		};
		5D77822325C9C661005B600B /* Model */ = {
			isa = PBXGroup;
			children = (
				5D77821E25C9C1D5005B600B /* Animal.swift */,
				5D77822425C9C684005B600B /* Habit.swift */,
				5D77823125C9CC1F005B600B /* User.swift */,
				5DA1639E260B9C59003B0964 /* AppData.swift */,
			);
			path = Model;
			sourceTree = "<group>";
		};
		5D7BC7A2254718D700184BB4 = {
			isa = PBXGroup;
			children = (
				5D7BC7AD254718D700184BB4 /* Habit Helper */,
				5D7BC7C7254718D900184BB4 /* Habit HelperTests */,
				5D7BC7D2254718D900184BB4 /* Habit HelperUITests */,
				5D7BC7AC254718D700184BB4 /* Products */,
				7D62BF55A64DD861DEDAF449 /* Pods */,
				70A2DD40CA3AE7291312FA4A /* Frameworks */,
			);
			sourceTree = "<group>";
		};
		5D7BC7AC254718D700184BB4 /* Products */ = {
			isa = PBXGroup;
			children = (
				5D7BC7AB254718D700184BB4 /* Habit Helper.app */,
				5D7BC7C4254718D900184BB4 /* Habit HelperTests.xctest */,
				5D7BC7CF254718D900184BB4 /* Habit HelperUITests.xctest */,
			);
			name = Products;
			sourceTree = "<group>";
		};
		5D7BC7AD254718D700184BB4 /* Habit Helper */ = {
			isa = PBXGroup;
			children = (
				1BB8D1922699A9470039A747 /* Utils */,
				1BB8D1912699A9240039A747 /* Resourses */,
				1B8311B826138BC900BA01A6 /* Network */,
				5DDED53825DD97B80027E070 /* Controllers */,
				5DDED53725DD978A0027E070 /* Delegates */,
				5D77822325C9C661005B600B /* Model */,
				5DDED53625DD97630027E070 /* Storyboards */,
				5D7BC7BF254718D900184BB4 /* Info.plist */,
				1B084583269F5CE800BE79F2 /* R.generated.swift */,
				5D7BC7B7254718D700184BB4 /* Habit_Helper.xcdatamodeld */,
			);
			path = "Habit Helper";
			sourceTree = "<group>";
		};
		5D7BC7C7254718D900184BB4 /* Habit HelperTests */ = {
			isa = PBXGroup;
			children = (
				5D7BC7C8254718D900184BB4 /* Habit_HelperTests.swift */,
				5D7BC7CA254718D900184BB4 /* Info.plist */,
			);
			path = "Habit HelperTests";
			sourceTree = "<group>";
		};
		5D7BC7D2254718D900184BB4 /* Habit HelperUITests */ = {
			isa = PBXGroup;
			children = (
				5D7BC7D3254718D900184BB4 /* Habit_HelperUITests.swift */,
				5D7BC7D5254718D900184BB4 /* Info.plist */,
			);
			path = "Habit HelperUITests";
			sourceTree = "<group>";
		};
		5D9D9CA1256166DF00F5FEC0 /* CustomCollectionCell */ = {
			isa = PBXGroup;
			children = (
				5D9D9CA22561674300F5FEC0 /* CustomCollectionCell.xib */,
				5D9D9CA7256168E900F5FEC0 /* CustomCollectionCell.swift */,
				1B8AE1342615C80C00E1B160 /* CalendarCell.xib */,
				1B8AE1392615C9D300E1B160 /* CalendarCell.swift */,
				1BE3AA0F261B85D800A10CFA /* IconCell.swift */,
			);
			path = CustomCollectionCell;
			sourceTree = "<group>";
		};
		5DDED53625DD97630027E070 /* Storyboards */ = {
			isa = PBXGroup;
			children = (
				1B5AF33A26AAABB50055F130 /* UserInfo */,
				1BB8D1892699A7F70039A747 /* Create Animal */,
				1BB8D1852699A7200039A747 /* Tab Bar */,
				1BB8D1842699A6F20039A747 /* Create Habit */,
				1BB8D1812699A31F0039A747 /* Autorisation */,
				1BB8D17E2699A2FE0039A747 /* Animal */,
				1BB8D17B2699A2D60039A747 /* Report Habit */,
				1BB8D1782699A2B50039A747 /* Settings */,
				1BB8D1752699A2580039A747 /* Habit Tracker */,
				5D7BC7BC254718D900184BB4 /* LaunchScreen.storyboard */,
			);
			path = Storyboards;
			sourceTree = "<group>";
		};
		5DDED53725DD978A0027E070 /* Delegates */ = {
			isa = PBXGroup;
			children = (
				5D7BC7B0254718D700184BB4 /* SceneDelegate.swift */,
				5D7BC7AE254718D700184BB4 /* AppDelegate.swift */,
			);
			path = Delegates;
			sourceTree = "<group>";
		};
		5DDED53825DD97B80027E070 /* Controllers */ = {
			isa = PBXGroup;
			children = (
				1BB8D1902699A9040039A747 /* Create Habit */,
				1BB8D18F2699A8F80039A747 /* Animal */,
				1BB8D18E2699A8E90039A747 /* Create Animal */,
				1BB8D18C2699A8820039A747 /* Habit Tracker */,
				1BB8D1882699A7C20039A747 /* Autorisation */,
				1BB8D1872699A7A70039A747 /* Report Habit */,
				1BB8D1862699A76B0039A747 /* Settings */,
				1BB8D1932699AA070039A747 /* TabBarController.swift */,
				1B5AF33F26AAB0350055F130 /* UserInfo */,
			);
			path = Controllers;
			sourceTree = "<group>";
		};
		70A2DD40CA3AE7291312FA4A /* Frameworks */ = {
			isa = PBXGroup;
			children = (
				F8982B864C20025FC8A974EC /* Pods_Habit_Helper.framework */,
			);
			name = Frameworks;
			sourceTree = "<group>";
		};
		7D62BF55A64DD861DEDAF449 /* Pods */ = {
			isa = PBXGroup;
			children = (
				CD23CC6DB34D70BA7E4C91A8 /* Pods-Habit Helper.debug.xcconfig */,
				5CA75F29E6E4C6B24CDA24B5 /* Pods-Habit Helper.release.xcconfig */,
			);
			path = Pods;
			sourceTree = "<group>";
		};
/* End PBXGroup section */

/* Begin PBXNativeTarget section */
		5D7BC7AA254718D700184BB4 /* Habit Helper */ = {
			isa = PBXNativeTarget;
			buildConfigurationList = 5D7BC7D8254718DA00184BB4 /* Build configuration list for PBXNativeTarget "Habit Helper" */;
			buildPhases = (
				0DA57F25977A6B3BA72B98DD /* [CP] Check Pods Manifest.lock */,
				1BD1D76326147B8700789C59 /* R.swift */,
				5D7BC7A7254718D700184BB4 /* Sources */,
				5D7BC7A8254718D700184BB4 /* Frameworks */,
				5D7BC7A9254718D700184BB4 /* Resources */,
				C99FF1BEE9EE3A073CB16112 /* [CP] Embed Pods Frameworks */,
			);
			buildRules = (
			);
			dependencies = (
			);
			name = "Habit Helper";
			productName = "Habit Helper";
			productReference = 5D7BC7AB254718D700184BB4 /* Habit Helper.app */;
			productType = "com.apple.product-type.application";
		};
		5D7BC7C3254718D900184BB4 /* Habit HelperTests */ = {
			isa = PBXNativeTarget;
			buildConfigurationList = 5D7BC7DB254718DA00184BB4 /* Build configuration list for PBXNativeTarget "Habit HelperTests" */;
			buildPhases = (
				5D7BC7C0254718D900184BB4 /* Sources */,
				5D7BC7C1254718D900184BB4 /* Frameworks */,
				5D7BC7C2254718D900184BB4 /* Resources */,
			);
			buildRules = (
			);
			dependencies = (
				5D7BC7C6254718D900184BB4 /* PBXTargetDependency */,
			);
			name = "Habit HelperTests";
			productName = "Habit HelperTests";
			productReference = 5D7BC7C4254718D900184BB4 /* Habit HelperTests.xctest */;
			productType = "com.apple.product-type.bundle.unit-test";
		};
		5D7BC7CE254718D900184BB4 /* Habit HelperUITests */ = {
			isa = PBXNativeTarget;
			buildConfigurationList = 5D7BC7DE254718DA00184BB4 /* Build configuration list for PBXNativeTarget "Habit HelperUITests" */;
			buildPhases = (
				5D7BC7CB254718D900184BB4 /* Sources */,
				5D7BC7CC254718D900184BB4 /* Frameworks */,
				5D7BC7CD254718D900184BB4 /* Resources */,
			);
			buildRules = (
			);
			dependencies = (
				5D7BC7D1254718D900184BB4 /* PBXTargetDependency */,
			);
			name = "Habit HelperUITests";
			productName = "Habit HelperUITests";
			productReference = 5D7BC7CF254718D900184BB4 /* Habit HelperUITests.xctest */;
			productType = "com.apple.product-type.bundle.ui-testing";
		};
/* End PBXNativeTarget section */

/* Begin PBXProject section */
		5D7BC7A3254718D700184BB4 /* Project object */ = {
			isa = PBXProject;
			attributes = {
				LastSwiftUpdateCheck = 1210;
				LastUpgradeCheck = 1210;
				TargetAttributes = {
					5D7BC7AA254718D700184BB4 = {
						CreatedOnToolsVersion = 12.1;
					};
					5D7BC7C3254718D900184BB4 = {
						CreatedOnToolsVersion = 12.1;
						TestTargetID = 5D7BC7AA254718D700184BB4;
					};
					5D7BC7CE254718D900184BB4 = {
						CreatedOnToolsVersion = 12.1;
						TestTargetID = 5D7BC7AA254718D700184BB4;
					};
				};
			};
			buildConfigurationList = 5D7BC7A6254718D700184BB4 /* Build configuration list for PBXProject "Habit Helper" */;
			compatibilityVersion = "Xcode 9.3";
			developmentRegion = en;
			hasScannedForEncodings = 0;
			knownRegions = (
				en,
				Base,
			);
			mainGroup = 5D7BC7A2254718D700184BB4;
			productRefGroup = 5D7BC7AC254718D700184BB4 /* Products */;
			projectDirPath = "";
			projectRoot = "";
			targets = (
				5D7BC7AA254718D700184BB4 /* Habit Helper */,
				5D7BC7C3254718D900184BB4 /* Habit HelperTests */,
				5D7BC7CE254718D900184BB4 /* Habit HelperUITests */,
			);
		};
/* End PBXProject section */

/* Begin PBXResourcesBuildPhase section */
		5D7BC7A9254718D700184BB4 /* Resources */ = {
			isa = PBXResourcesBuildPhase;
			buildActionMask = 2147483647;
			files = (
				1BB8D1772699A2750039A747 /* HabitTracker.storyboard in Resources */,
				5D9D9CA32561674300F5FEC0 /* CustomCollectionCell.xib in Resources */,
				5D7BC7BE254718D900184BB4 /* LaunchScreen.storyboard in Resources */,
				1BB8D17A2699A2C30039A747 /* Settings.storyboard in Resources */,
				1BB8D1832699A33D0039A747 /* LogIn.storyboard in Resources */,
				1B5AF33C26AAABDA0055F130 /* UserInfo.storyboard in Resources */,
				1BB8D18B2699A8190039A747 /* CreateAnimal.storyboard in Resources */,
				1B8AE1352615C80C00E1B160 /* CalendarCell.xib in Resources */,
				5D7BC7BB254718D900184BB4 /* Assets.xcassets in Resources */,
				5D1D9A54257A33DC00753022 /* Registration.storyboard in Resources */,
				5D7BC7B6254718D700184BB4 /* Main.storyboard in Resources */,
				1BB8D17D2699A2F20039A747 /* ReportHabit.storyboard in Resources */,
				1B9E1FF8261234320009ED88 /* CreateHabits.storyboard in Resources */,
				1BB8D1802699A3100039A747 /* Animal.storyboard in Resources */,
				5D2DDFE82548565000EEC0BC /* CustomTableCell.xib in Resources */,
				5D71CF1C2549AD54002DCA76 /* SettingsCell.xib in Resources */,
			);
			runOnlyForDeploymentPostprocessing = 0;
		};
		5D7BC7C2254718D900184BB4 /* Resources */ = {
			isa = PBXResourcesBuildPhase;
			buildActionMask = 2147483647;
			files = (
			);
			runOnlyForDeploymentPostprocessing = 0;
		};
		5D7BC7CD254718D900184BB4 /* Resources */ = {
			isa = PBXResourcesBuildPhase;
			buildActionMask = 2147483647;
			files = (
			);
			runOnlyForDeploymentPostprocessing = 0;
		};
/* End PBXResourcesBuildPhase section */

/* Begin PBXShellScriptBuildPhase section */
		0DA57F25977A6B3BA72B98DD /* [CP] Check Pods Manifest.lock */ = {
			isa = PBXShellScriptBuildPhase;
			buildActionMask = 2147483647;
			files = (
			);
			inputFileListPaths = (
			);
			inputPaths = (
				"${PODS_PODFILE_DIR_PATH}/Podfile.lock",
				"${PODS_ROOT}/Manifest.lock",
			);
			name = "[CP] Check Pods Manifest.lock";
			outputFileListPaths = (
			);
			outputPaths = (
				"$(DERIVED_FILE_DIR)/Pods-Habit Helper-checkManifestLockResult.txt",
			);
			runOnlyForDeploymentPostprocessing = 0;
			shellPath = /bin/sh;
			shellScript = "diff \"${PODS_PODFILE_DIR_PATH}/Podfile.lock\" \"${PODS_ROOT}/Manifest.lock\" > /dev/null\nif [ $? != 0 ] ; then\n    # print error to STDERR\n    echo \"error: The sandbox is not in sync with the Podfile.lock. Run 'pod install' or update your CocoaPods installation.\" >&2\n    exit 1\nfi\n# This output is used by Xcode 'outputs' to avoid re-running this script phase.\necho \"SUCCESS\" > \"${SCRIPT_OUTPUT_FILE_0}\"\n";
			showEnvVarsInLog = 0;
		};
		1BD1D76326147B8700789C59 /* R.swift */ = {
			isa = PBXShellScriptBuildPhase;
			buildActionMask = 2147483647;
			files = (
			);
			inputFileListPaths = (
			);
			inputPaths = (
				"$TEMP_DIR/rswift-lastrun",
			);
			name = R.swift;
			outputFileListPaths = (
			);
			outputPaths = (
				$SRCROOT/R.generated.swift,
			);
			runOnlyForDeploymentPostprocessing = 0;
			shellPath = /bin/sh;
			shellScript = "\"$PODS_ROOT/R.swift/rswift\" generate \"$SRCROOT/R.generated.swift\"\n";
		};
		C99FF1BEE9EE3A073CB16112 /* [CP] Embed Pods Frameworks */ = {
			isa = PBXShellScriptBuildPhase;
			buildActionMask = 2147483647;
			files = (
			);
			inputFileListPaths = (
				"${PODS_ROOT}/Target Support Files/Pods-Habit Helper/Pods-Habit Helper-frameworks-${CONFIGURATION}-input-files.xcfilelist",
			);
			name = "[CP] Embed Pods Frameworks";
			outputFileListPaths = (
				"${PODS_ROOT}/Target Support Files/Pods-Habit Helper/Pods-Habit Helper-frameworks-${CONFIGURATION}-output-files.xcfilelist",
			);
			runOnlyForDeploymentPostprocessing = 0;
			shellPath = /bin/sh;
			shellScript = "\"${PODS_ROOT}/Target Support Files/Pods-Habit Helper/Pods-Habit Helper-frameworks.sh\"\n";
			showEnvVarsInLog = 0;
		};
/* End PBXShellScriptBuildPhase section */

/* Begin PBXSourcesBuildPhase section */
		5D7BC7A7254718D700184BB4 /* Sources */ = {
			isa = PBXSourcesBuildPhase;
			buildActionMask = 2147483647;
			files = (
				1B9E2013261244550009ED88 /* CreateAnimalViewController.swift in Sources */,
				5DD41290254735420017C0EC /* AnimalViewController.swift in Sources */,
				1B9D55AC26172746006E8A7A /* AnimalSettingsViewController.swift in Sources */,
				5D7BC7B9254718D700184BB4 /* Habit_Helper.xcdatamodeld in Sources */,
				5D71CF172549A8FE002DCA76 /* SettingsCell.swift in Sources */,
				5D77821F25C9C1D5005B600B /* Animal.swift in Sources */,
				1B8311BA26138C0500BA01A6 /* Network.swift in Sources */,
				5D77823225C9CC1F005B600B /* User.swift in Sources */,
				1B8AE13A2615C9D300E1B160 /* CalendarCell.swift in Sources */,
				5D9D9CA8256168E900F5FEC0 /* CustomCollectionCell.swift in Sources */,
				1B9D55B12617277E006E8A7A /* BackgroundViewController.swift in Sources */,
				1B9E2009261243E30009ED88 /* SignUpViewController.swift in Sources */,
				1B5AF33E26AAB02D0055F130 /* UserInfoViewController.swift in Sources */,
				5D9D9CAD25616A5500F5FEC0 /* ReportHabitController.swift in Sources */,
				5D7BC7B3254718D700184BB4 /* LoginController.swift in Sources */,
				1B084584269F5CE800BE79F2 /* R.generated.swift in Sources */,
				5D2DDFDE25484D8A00EEC0BC /* HabitTrackerController.swift in Sources */,
				1B9E200E261244250009ED88 /* CreateAccountViewController.swift in Sources */,
				1BD1D76D2614920C00789C59 /* Utils.swift in Sources */,
				5D7BC7AF254718D700184BB4 /* AppDelegate.swift in Sources */,
				1BE3AA10261B85D800A10CFA /* IconCell.swift in Sources */,
				5D77822525C9C684005B600B /* Habit.swift in Sources */,
				5D7BC7B1254718D700184BB4 /* SceneDelegate.swift in Sources */,
				5DA1639F260B9C59003B0964 /* AppData.swift in Sources */,
				5D2DDFE32548532200EEC0BC /* CustomTableCell.swift in Sources */,
				1BB8D1942699AA070039A747 /* TabBarController.swift in Sources */,
				1B9E1FFD26123B2F0009ED88 /* CreateHabitViewController.swift in Sources */,
				5D71CF122549A0AF002DCA76 /* SettingsViewController.swift in Sources */,
			);
			runOnlyForDeploymentPostprocessing = 0;
		};
		5D7BC7C0254718D900184BB4 /* Sources */ = {
			isa = PBXSourcesBuildPhase;
			buildActionMask = 2147483647;
			files = (
				5D7BC7C9254718D900184BB4 /* Habit_HelperTests.swift in Sources */,
			);
			runOnlyForDeploymentPostprocessing = 0;
		};
		5D7BC7CB254718D900184BB4 /* Sources */ = {
			isa = PBXSourcesBuildPhase;
			buildActionMask = 2147483647;
			files = (
				5D7BC7D4254718D900184BB4 /* Habit_HelperUITests.swift in Sources */,
			);
			runOnlyForDeploymentPostprocessing = 0;
		};
/* End PBXSourcesBuildPhase section */

/* Begin PBXTargetDependency section */
		5D7BC7C6254718D900184BB4 /* PBXTargetDependency */ = {
			isa = PBXTargetDependency;
			target = 5D7BC7AA254718D700184BB4 /* Habit Helper */;
			targetProxy = 5D7BC7C5254718D900184BB4 /* PBXContainerItemProxy */;
		};
		5D7BC7D1254718D900184BB4 /* PBXTargetDependency */ = {
			isa = PBXTargetDependency;
			target = 5D7BC7AA254718D700184BB4 /* Habit Helper */;
			targetProxy = 5D7BC7D0254718D900184BB4 /* PBXContainerItemProxy */;
		};
/* End PBXTargetDependency section */

/* Begin PBXVariantGroup section */
		5D7BC7B4254718D700184BB4 /* Main.storyboard */ = {
			isa = PBXVariantGroup;
			children = (
				5D7BC7B5254718D700184BB4 /* Base */,
			);
			name = Main.storyboard;
			sourceTree = "<group>";
		};
		5D7BC7BC254718D900184BB4 /* LaunchScreen.storyboard */ = {
			isa = PBXVariantGroup;
			children = (
				5D7BC7BD254718D900184BB4 /* Base */,
			);
			name = LaunchScreen.storyboard;
			sourceTree = "<group>";
		};
/* End PBXVariantGroup section */

/* Begin XCBuildConfiguration section */
		5D7BC7D6254718D900184BB4 /* Debug */ = {
			isa = XCBuildConfiguration;
			buildSettings = {
				ALWAYS_SEARCH_USER_PATHS = NO;
				CLANG_ANALYZER_NONNULL = YES;
				CLANG_ANALYZER_NUMBER_OBJECT_CONVERSION = YES_AGGRESSIVE;
				CLANG_CXX_LANGUAGE_STANDARD = "gnu++14";
				CLANG_CXX_LIBRARY = "libc++";
				CLANG_ENABLE_MODULES = YES;
				CLANG_ENABLE_OBJC_ARC = YES;
				CLANG_ENABLE_OBJC_WEAK = YES;
				CLANG_WARN_BLOCK_CAPTURE_AUTORELEASING = YES;
				CLANG_WARN_BOOL_CONVERSION = YES;
				CLANG_WARN_COMMA = YES;
				CLANG_WARN_CONSTANT_CONVERSION = YES;
				CLANG_WARN_DEPRECATED_OBJC_IMPLEMENTATIONS = YES;
				CLANG_WARN_DIRECT_OBJC_ISA_USAGE = YES_ERROR;
				CLANG_WARN_DOCUMENTATION_COMMENTS = YES;
				CLANG_WARN_EMPTY_BODY = YES;
				CLANG_WARN_ENUM_CONVERSION = YES;
				CLANG_WARN_INFINITE_RECURSION = YES;
				CLANG_WARN_INT_CONVERSION = YES;
				CLANG_WARN_NON_LITERAL_NULL_CONVERSION = YES;
				CLANG_WARN_OBJC_IMPLICIT_RETAIN_SELF = YES;
				CLANG_WARN_OBJC_LITERAL_CONVERSION = YES;
				CLANG_WARN_OBJC_ROOT_CLASS = YES_ERROR;
				CLANG_WARN_QUOTED_INCLUDE_IN_FRAMEWORK_HEADER = YES;
				CLANG_WARN_RANGE_LOOP_ANALYSIS = YES;
				CLANG_WARN_STRICT_PROTOTYPES = YES;
				CLANG_WARN_SUSPICIOUS_MOVE = YES;
				CLANG_WARN_UNGUARDED_AVAILABILITY = YES_AGGRESSIVE;
				CLANG_WARN_UNREACHABLE_CODE = YES;
				CLANG_WARN__DUPLICATE_METHOD_MATCH = YES;
				COPY_PHASE_STRIP = NO;
				DEBUG_INFORMATION_FORMAT = dwarf;
				ENABLE_STRICT_OBJC_MSGSEND = YES;
				ENABLE_TESTABILITY = YES;
				GCC_C_LANGUAGE_STANDARD = gnu11;
				GCC_DYNAMIC_NO_PIC = NO;
				GCC_NO_COMMON_BLOCKS = YES;
				GCC_OPTIMIZATION_LEVEL = 0;
				GCC_PREPROCESSOR_DEFINITIONS = (
					"DEBUG=1",
					"$(inherited)",
				);
				GCC_WARN_64_TO_32_BIT_CONVERSION = YES;
				GCC_WARN_ABOUT_RETURN_TYPE = YES_ERROR;
				GCC_WARN_UNDECLARED_SELECTOR = YES;
				GCC_WARN_UNINITIALIZED_AUTOS = YES_AGGRESSIVE;
				GCC_WARN_UNUSED_FUNCTION = YES;
				GCC_WARN_UNUSED_VARIABLE = YES;
				IPHONEOS_DEPLOYMENT_TARGET = 14.1;
				MTL_ENABLE_DEBUG_INFO = INCLUDE_SOURCE;
				MTL_FAST_MATH = YES;
				ONLY_ACTIVE_ARCH = YES;
				SDKROOT = iphoneos;
				SWIFT_ACTIVE_COMPILATION_CONDITIONS = DEBUG;
				SWIFT_OPTIMIZATION_LEVEL = "-Onone";
			};
			name = Debug;
		};
		5D7BC7D7254718D900184BB4 /* Release */ = {
			isa = XCBuildConfiguration;
			buildSettings = {
				ALWAYS_SEARCH_USER_PATHS = NO;
				CLANG_ANALYZER_NONNULL = YES;
				CLANG_ANALYZER_NUMBER_OBJECT_CONVERSION = YES_AGGRESSIVE;
				CLANG_CXX_LANGUAGE_STANDARD = "gnu++14";
				CLANG_CXX_LIBRARY = "libc++";
				CLANG_ENABLE_MODULES = YES;
				CLANG_ENABLE_OBJC_ARC = YES;
				CLANG_ENABLE_OBJC_WEAK = YES;
				CLANG_WARN_BLOCK_CAPTURE_AUTORELEASING = YES;
				CLANG_WARN_BOOL_CONVERSION = YES;
				CLANG_WARN_COMMA = YES;
				CLANG_WARN_CONSTANT_CONVERSION = YES;
				CLANG_WARN_DEPRECATED_OBJC_IMPLEMENTATIONS = YES;
				CLANG_WARN_DIRECT_OBJC_ISA_USAGE = YES_ERROR;
				CLANG_WARN_DOCUMENTATION_COMMENTS = YES;
				CLANG_WARN_EMPTY_BODY = YES;
				CLANG_WARN_ENUM_CONVERSION = YES;
				CLANG_WARN_INFINITE_RECURSION = YES;
				CLANG_WARN_INT_CONVERSION = YES;
				CLANG_WARN_NON_LITERAL_NULL_CONVERSION = YES;
				CLANG_WARN_OBJC_IMPLICIT_RETAIN_SELF = YES;
				CLANG_WARN_OBJC_LITERAL_CONVERSION = YES;
				CLANG_WARN_OBJC_ROOT_CLASS = YES_ERROR;
				CLANG_WARN_QUOTED_INCLUDE_IN_FRAMEWORK_HEADER = YES;
				CLANG_WARN_RANGE_LOOP_ANALYSIS = YES;
				CLANG_WARN_STRICT_PROTOTYPES = YES;
				CLANG_WARN_SUSPICIOUS_MOVE = YES;
				CLANG_WARN_UNGUARDED_AVAILABILITY = YES_AGGRESSIVE;
				CLANG_WARN_UNREACHABLE_CODE = YES;
				CLANG_WARN__DUPLICATE_METHOD_MATCH = YES;
				COPY_PHASE_STRIP = NO;
				DEBUG_INFORMATION_FORMAT = "dwarf-with-dsym";
				ENABLE_NS_ASSERTIONS = NO;
				ENABLE_STRICT_OBJC_MSGSEND = YES;
				GCC_C_LANGUAGE_STANDARD = gnu11;
				GCC_NO_COMMON_BLOCKS = YES;
				GCC_WARN_64_TO_32_BIT_CONVERSION = YES;
				GCC_WARN_ABOUT_RETURN_TYPE = YES_ERROR;
				GCC_WARN_UNDECLARED_SELECTOR = YES;
				GCC_WARN_UNINITIALIZED_AUTOS = YES_AGGRESSIVE;
				GCC_WARN_UNUSED_FUNCTION = YES;
				GCC_WARN_UNUSED_VARIABLE = YES;
				IPHONEOS_DEPLOYMENT_TARGET = 14.1;
				MTL_ENABLE_DEBUG_INFO = NO;
				MTL_FAST_MATH = YES;
				SDKROOT = iphoneos;
				SWIFT_COMPILATION_MODE = wholemodule;
				SWIFT_OPTIMIZATION_LEVEL = "-O";
				VALIDATE_PRODUCT = YES;
			};
			name = Release;
		};
		5D7BC7D9254718DA00184BB4 /* Debug */ = {
			isa = XCBuildConfiguration;
			baseConfigurationReference = CD23CC6DB34D70BA7E4C91A8 /* Pods-Habit Helper.debug.xcconfig */;
			buildSettings = {
				ASSETCATALOG_COMPILER_APPICON_NAME = AppIcon;
				ASSETCATALOG_COMPILER_GLOBAL_ACCENT_COLOR_NAME = AccentColor;
				CODE_SIGN_STYLE = Automatic;
				DEVELOPMENT_TEAM = "";
				INFOPLIST_FILE = "Habit Helper/Info.plist";
				LD_RUNPATH_SEARCH_PATHS = (
					"$(inherited)",
					"@executable_path/Frameworks",
				);
				PRODUCT_BUNDLE_IDENTIFIER = "firstapp.Habit-Helper";
				PRODUCT_NAME = "$(TARGET_NAME)";
				SWIFT_VERSION = 5.0;
				TARGETED_DEVICE_FAMILY = "1,2";
			};
			name = Debug;
		};
		5D7BC7DA254718DA00184BB4 /* Release */ = {
			isa = XCBuildConfiguration;
			baseConfigurationReference = 5CA75F29E6E4C6B24CDA24B5 /* Pods-Habit Helper.release.xcconfig */;
			buildSettings = {
				ASSETCATALOG_COMPILER_APPICON_NAME = AppIcon;
				ASSETCATALOG_COMPILER_GLOBAL_ACCENT_COLOR_NAME = AccentColor;
				CODE_SIGN_STYLE = Automatic;
				DEVELOPMENT_TEAM = "";
				INFOPLIST_FILE = "Habit Helper/Info.plist";
				LD_RUNPATH_SEARCH_PATHS = (
					"$(inherited)",
					"@executable_path/Frameworks",
				);
				PRODUCT_BUNDLE_IDENTIFIER = "firstapp.Habit-Helper";
				PRODUCT_NAME = "$(TARGET_NAME)";
				SWIFT_VERSION = 5.0;
				TARGETED_DEVICE_FAMILY = "1,2";
			};
			name = Release;
		};
		5D7BC7DC254718DA00184BB4 /* Debug */ = {
			isa = XCBuildConfiguration;
			buildSettings = {
				ALWAYS_EMBED_SWIFT_STANDARD_LIBRARIES = YES;
				BUNDLE_LOADER = "$(TEST_HOST)";
				CODE_SIGN_STYLE = Automatic;
				DEVELOPMENT_TEAM = L363K9J2RM;
				INFOPLIST_FILE = "Habit HelperTests/Info.plist";
				IPHONEOS_DEPLOYMENT_TARGET = 14.1;
				LD_RUNPATH_SEARCH_PATHS = (
					"$(inherited)",
					"@executable_path/Frameworks",
					"@loader_path/Frameworks",
				);
				PRODUCT_BUNDLE_IDENTIFIER = "firstapp.Habit-HelperTests";
				PRODUCT_NAME = "$(TARGET_NAME)";
				SWIFT_VERSION = 5.0;
				TARGETED_DEVICE_FAMILY = "1,2";
				TEST_HOST = "$(BUILT_PRODUCTS_DIR)/Habit Helper.app/Habit Helper";
			};
			name = Debug;
		};
		5D7BC7DD254718DA00184BB4 /* Release */ = {
			isa = XCBuildConfiguration;
			buildSettings = {
				ALWAYS_EMBED_SWIFT_STANDARD_LIBRARIES = YES;
				BUNDLE_LOADER = "$(TEST_HOST)";
				CODE_SIGN_STYLE = Automatic;
				DEVELOPMENT_TEAM = L363K9J2RM;
				INFOPLIST_FILE = "Habit HelperTests/Info.plist";
				IPHONEOS_DEPLOYMENT_TARGET = 14.1;
				LD_RUNPATH_SEARCH_PATHS = (
					"$(inherited)",
					"@executable_path/Frameworks",
					"@loader_path/Frameworks",
				);
				PRODUCT_BUNDLE_IDENTIFIER = "firstapp.Habit-HelperTests";
				PRODUCT_NAME = "$(TARGET_NAME)";
				SWIFT_VERSION = 5.0;
				TARGETED_DEVICE_FAMILY = "1,2";
				TEST_HOST = "$(BUILT_PRODUCTS_DIR)/Habit Helper.app/Habit Helper";
			};
			name = Release;
		};
		5D7BC7DF254718DA00184BB4 /* Debug */ = {
			isa = XCBuildConfiguration;
			buildSettings = {
				ALWAYS_EMBED_SWIFT_STANDARD_LIBRARIES = YES;
				CODE_SIGN_STYLE = Automatic;
				DEVELOPMENT_TEAM = L363K9J2RM;
				INFOPLIST_FILE = "Habit HelperUITests/Info.plist";
				LD_RUNPATH_SEARCH_PATHS = (
					"$(inherited)",
					"@executable_path/Frameworks",
					"@loader_path/Frameworks",
				);
				PRODUCT_BUNDLE_IDENTIFIER = "firstapp.Habit-HelperUITests";
				PRODUCT_NAME = "$(TARGET_NAME)";
				SWIFT_VERSION = 5.0;
				TARGETED_DEVICE_FAMILY = "1,2";
				TEST_TARGET_NAME = "Habit Helper";
			};
			name = Debug;
		};
		5D7BC7E0254718DA00184BB4 /* Release */ = {
			isa = XCBuildConfiguration;
			buildSettings = {
				ALWAYS_EMBED_SWIFT_STANDARD_LIBRARIES = YES;
				CODE_SIGN_STYLE = Automatic;
				DEVELOPMENT_TEAM = L363K9J2RM;
				INFOPLIST_FILE = "Habit HelperUITests/Info.plist";
				LD_RUNPATH_SEARCH_PATHS = (
					"$(inherited)",
					"@executable_path/Frameworks",
					"@loader_path/Frameworks",
				);
				PRODUCT_BUNDLE_IDENTIFIER = "firstapp.Habit-HelperUITests";
				PRODUCT_NAME = "$(TARGET_NAME)";
				SWIFT_VERSION = 5.0;
				TARGETED_DEVICE_FAMILY = "1,2";
				TEST_TARGET_NAME = "Habit Helper";
			};
			name = Release;
		};
/* End XCBuildConfiguration section */

/* Begin XCConfigurationList section */
		5D7BC7A6254718D700184BB4 /* Build configuration list for PBXProject "Habit Helper" */ = {
			isa = XCConfigurationList;
			buildConfigurations = (
				5D7BC7D6254718D900184BB4 /* Debug */,
				5D7BC7D7254718D900184BB4 /* Release */,
			);
			defaultConfigurationIsVisible = 0;
			defaultConfigurationName = Release;
		};
		5D7BC7D8254718DA00184BB4 /* Build configuration list for PBXNativeTarget "Habit Helper" */ = {
			isa = XCConfigurationList;
			buildConfigurations = (
				5D7BC7D9254718DA00184BB4 /* Debug */,
				5D7BC7DA254718DA00184BB4 /* Release */,
			);
			defaultConfigurationIsVisible = 0;
			defaultConfigurationName = Release;
		};
		5D7BC7DB254718DA00184BB4 /* Build configuration list for PBXNativeTarget "Habit HelperTests" */ = {
			isa = XCConfigurationList;
			buildConfigurations = (
				5D7BC7DC254718DA00184BB4 /* Debug */,
				5D7BC7DD254718DA00184BB4 /* Release */,
			);
			defaultConfigurationIsVisible = 0;
			defaultConfigurationName = Release;
		};
		5D7BC7DE254718DA00184BB4 /* Build configuration list for PBXNativeTarget "Habit HelperUITests" */ = {
			isa = XCConfigurationList;
			buildConfigurations = (
				5D7BC7DF254718DA00184BB4 /* Debug */,
				5D7BC7E0254718DA00184BB4 /* Release */,
			);
			defaultConfigurationIsVisible = 0;
			defaultConfigurationName = Release;
		};
/* End XCConfigurationList section */

/* Begin XCVersionGroup section */
		5D7BC7B7254718D700184BB4 /* Habit_Helper.xcdatamodeld */ = {
			isa = XCVersionGroup;
			children = (
				5D7BC7B8254718D700184BB4 /* Habit_Helper.xcdatamodel */,
			);
			currentVersion = 5D7BC7B8254718D700184BB4 /* Habit_Helper.xcdatamodel */;
			path = Habit_Helper.xcdatamodeld;
			sourceTree = "<group>";
			versionGroupType = wrapper.xcdatamodel;
		};
/* End XCVersionGroup section */
	};
	rootObject = 5D7BC7A3254718D700184BB4 /* Project object */;
}
